
Microsoft Visual Studio Solution File, Format Version 12.00
# Visual Studio Version 17
VisualStudioVersion = 17.0.31912.275
MinimumVisualStudioVersion = 10.0.40219.1
Project("{FAE04EC0-301F-11D3-BF4B-00C04F79EFBC}") = "WebCalculadora", "WebCalculadora\WebCalculadora.csproj", "{C56A766B-224A-4897-B708-839428ADA2B3}"
EndProject
Global
	GlobalSection(SolutionConfigurationPlatforms) = preSolution
		Debug|Any CPU = Debug|Any CPU
		Release|Any CPU = Release|Any CPU
	EndGlobalSection
	GlobalSection(ProjectConfigurationPlatforms) = postSolution
		{C56A766B-224A-4897-B708-839428ADA2B3}.Debug|Any CPU.ActiveCfg = Debug|Any CPU
		{C56A766B-224A-4897-B708-839428ADA2B3}.Debug|Any CPU.Build.0 = Debug|Any CPU
		{C56A766B-224A-4897-B708-839428ADA2B3}.Release|Any CPU.ActiveCfg = Release|Any CPU
		{C56A766B-224A-4897-B708-839428ADA2B3}.Release|Any CPU.Build.0 = Release|Any CPU
	EndGlobalSection
	GlobalSection(SolutionProperties) = preSolution
		HideSolutionNode = FALSE
	EndGlobalSection
	GlobalSection(ExtensibilityGlobals) = postSolution
		SolutionGuid = {EB96258D-C4A3-4FC9-8EB3-FAD2A7D605DB}
	EndGlobalSection
EndGlobal
